PODS:
  - desktop_window (0.0.1):
    - FlutterMacOS
  - FlutterMacOS (1.0.0)
  - mic_stream (0.5.2):
    - FlutterMacOS

DEPENDENCIES:
  - desktop_window (from `Flutter/ephemeral/.symlinks/plugins/desktop_window/macos`)
  - FlutterMacOS (from `Flutter/ephemeral`)
  - mic_stream (from `Flutter/ephemeral/.symlinks/plugins/mic_stream/macos`)

EXTERNAL SOURCES:
  desktop_window:
    :path: Flutter/ephemeral/.symlinks/plugins/desktop_window/macos
  FlutterMacOS:
    :path: Flutter/ephemeral
  mic_stream:
    :path: Flutter/ephemeral/.symlinks/plugins/mic_stream/macos

SPEC CHECKSUMS:
  desktop_window: d0c0a7b6d18a0833be6e3ace6caad55b7bb40d4b
  FlutterMacOS: 8f6f14fa908a6fb3fba0cd85dbd81ec4b251fb24
  mic_stream: f74b7bc8d9330a9eaac4298911f9fa6c0af642dc

PODFILE CHECKSUM: 52993849a2c3a79e816e60a9c551f474351df211

COCOAPODS: 1.12.0
